# THIS IS AN AUTOGENERATED FILE. DO NOT EDIT THIS FILE DIRECTLY.
# yarn lockfile v1


"@babel/code-frame@^7.0.0", "@babel/code-frame@^7.5.5":
  version "7.5.5"
  resolved "https://registry.npm.taobao.org/@babel/code-frame/download/@babel/code-frame-7.5.5.tgz#bc0782f6d69f7b7d49531219699b988f669a8f9d"
  integrity sha1-vAeC9tafe31JUxIZaZuYj2aaj50=
  dependencies:
    "@babel/highlight" "^7.0.0"

"@babel/generator@^7.5.5":
  version "7.5.5"
  resolved "https://registry.npm.taobao.org/@babel/generator/download/@babel/generator-7.5.5.tgz#873a7f936a3c89491b43536d12245b626664e3cf"
  integrity sha1-hzp/k2o8iUkbQ1NtEiRbYmZk488=
  dependencies:
    "@babel/types" "^7.5.5"
    jsesc "^2.5.1"
    lodash "^4.17.13"
    source-map "^0.5.0"
    trim-right "^1.0.1"

"@babel/helper-builder-react-jsx@^7.3.0":
  version "7.3.0"
  resolved "https://registry.npm.taobao.org/@babel/helper-builder-react-jsx/download/@babel/helper-builder-react-jsx-7.3.0.tgz#a1ac95a5d2b3e88ae5e54846bf462eeb81b318a4"
  integrity sha1-oayVpdKz6Irl5UhGv0Yu64GzGKQ=
  dependencies:
    "@babel/types" "^7.3.0"
    esutils "^2.0.0"

"@babel/helper-create-class-features-plugin@^7.5.5":
  version "7.5.5"
  resolved "https://registry.npm.taobao.org/@babel/helper-create-class-features-plugin/download/@babel/helper-create-class-features-plugin-7.5.5.tgz#401f302c8ddbc0edd36f7c6b2887d8fa1122e5a4"
  integrity sha1-QB8wLI3bwO3Tb3xrKIfY+hEi5aQ=
  dependencies:
    "@babel/helper-function-name" "^7.1.0"
    "@babel/helper-member-expression-to-functions" "^7.5.5"
    "@babel/helper-optimise-call-expression" "^7.0.0"
    "@babel/helper-plugin-utils" "^7.0.0"
    "@babel/helper-replace-supers" "^7.5.5"
    "@babel/helper-split-export-declaration" "^7.4.4"

"@babel/helper-function-name@^7.1.0":
  version "7.1.0"
  resolved "https://registry.npm.taobao.org/@babel/helper-function-name/download/@babel/helper-function-name-7.1.0.tgz#a0ceb01685f73355d4360c1247f582bfafc8ff53"
  integrity sha1-oM6wFoX3M1XUNgwSR/WCv6/I/1M=
  dependencies:
    "@babel/helper-get-function-arity" "^7.0.0"
    "@babel/template" "^7.1.0"
    "@babel/types" "^7.0.0"

"@babel/helper-get-function-arity@^7.0.0":
  version "7.0.0"
  resolved "https://registry.npm.taobao.org/@babel/helper-get-function-arity/download/@babel/helper-get-function-arity-7.0.0.tgz#83572d4320e2a4657263734113c42868b64e49c3"
  integrity sha1-g1ctQyDipGVyY3NBE8QoaLZOScM=
  dependencies:
    "@babel/types" "^7.0.0"

"@babel/helper-member-expression-to-functions@^7.5.5":
  version "7.5.5"
  resolved "https://registry.npm.taobao.org/@babel/helper-member-expression-to-functions/download/@babel/helper-member-expression-to-functions-7.5.5.tgz#1fb5b8ec4453a93c439ee9fe3aeea4a84b76b590"
  integrity sha1-H7W47ERTqTxDnun+Ou6kqEt2tZA=
  dependencies:
    "@babel/types" "^7.5.5"

"@babel/helper-optimise-call-expression@^7.0.0":
  version "7.0.0"
  resolved "https://registry.npm.taobao.org/@babel/helper-optimise-call-expression/download/@babel/helper-optimise-call-expression-7.0.0.tgz#a2920c5702b073c15de51106200aa8cad20497d5"
  integrity sha1-opIMVwKwc8Fd5REGIAqoytIEl9U=
  dependencies:
    "@babel/types" "^7.0.0"

"@babel/helper-plugin-utils@^7.0.0":
  version "7.0.0"
  resolved "https://registry.npm.taobao.org/@babel/helper-plugin-utils/download/@babel/helper-plugin-utils-7.0.0.tgz#bbb3fbee98661c569034237cc03967ba99b4f250"
  integrity sha1-u7P77phmHFaQNCN8wDlnupm08lA=

"@babel/helper-replace-supers@^7.5.5":
  version "7.5.5"
  resolved "https://registry.npm.taobao.org/@babel/helper-replace-supers/download/@babel/helper-replace-supers-7.5.5.tgz#f84ce43df031222d2bad068d2626cb5799c34bc2"
  integrity sha1-+EzkPfAxIi0rrQaNJibLV5nDS8I=
  dependencies:
    "@babel/helper-member-expression-to-functions" "^7.5.5"
    "@babel/helper-optimise-call-expression" "^7.0.0"
    "@babel/traverse" "^7.5.5"
    "@babel/types" "^7.5.5"

"@babel/helper-split-export-declaration@^7.4.4":
  version "7.4.4"
  resolved "https://registry.npm.taobao.org/@babel/helper-split-export-declaration/download/@babel/helper-split-export-declaration-7.4.4.tgz#ff94894a340be78f53f06af038b205c49d993677"
  integrity sha1-/5SJSjQL549T8GrwOLIFxJ2ZNnc=
  dependencies:
    "@babel/types" "^7.4.4"

"@babel/highlight@^7.0.0":
  version "7.5.0"
  resolved "https://registry.npm.taobao.org/@babel/highlight/download/@babel/highlight-7.5.0.tgz?cache=0&sync_timestamp=1562245140883&other_urls=https%3A%2F%2Fregistry.npm.taobao.org%2F%40babel%2Fhighlight%2Fdownload%2F%40babel%2Fhighlight-7.5.0.tgz#56d11312bd9248fa619591d02472be6e8cb32540"
  integrity sha1-VtETEr2SSPphlZHQJHK+boyzJUA=
  dependencies:
    chalk "^2.0.0"
    esutils "^2.0.2"
    js-tokens "^4.0.0"

"@babel/parser@^7.4.4", "@babel/parser@^7.5.5":
  version "7.5.5"
  resolved "https://registry.npm.taobao.org/@babel/parser/download/@babel/parser-7.5.5.tgz#02f077ac8817d3df4a832ef59de67565e71cca4b"
  integrity sha1-AvB3rIgX099Kgy71neZ1Zeccyks=

"@babel/plugin-syntax-jsx@^7.2.0":
  version "7.2.0"
  resolved "https://registry.npm.taobao.org/@babel/plugin-syntax-jsx/download/@babel/plugin-syntax-jsx-7.2.0.tgz#0b85a3b4bc7cdf4cc4b8bf236335b907ca22e7c7"
  integrity sha1-C4WjtLx830zEuL8jYzW5B8oi58c=
  dependencies:
    "@babel/helper-plugin-utils" "^7.0.0"

"@babel/plugin-syntax-typescript@^7.2.0":
  version "7.3.3"
  resolved "https://registry.npm.taobao.org/@babel/plugin-syntax-typescript/download/@babel/plugin-syntax-typescript-7.3.3.tgz#a7cc3f66119a9f7ebe2de5383cce193473d65991"
  integrity sha1-p8w/ZhGan36+LeU4PM4ZNHPWWZE=
  dependencies:
    "@babel/helper-plugin-utils" "^7.0.0"

"@babel/plugin-transform-react-display-name@^7.0.0":
  version "7.2.0"
  resolved "https://registry.npm.taobao.org/@babel/plugin-transform-react-display-name/download/@babel/plugin-transform-react-display-name-7.2.0.tgz#ebfaed87834ce8dc4279609a4f0c324c156e3eb0"
  integrity sha1-6/rth4NM6NxCeWCaTwwyTBVuPrA=
  dependencies:
    "@babel/helper-plugin-utils" "^7.0.0"

"@babel/plugin-transform-react-jsx-self@^7.0.0":
  version "7.2.0"
  resolved "https://registry.npm.taobao.org/@babel/plugin-transform-react-jsx-self/download/@babel/plugin-transform-react-jsx-self-7.2.0.tgz#461e21ad9478f1031dd5e276108d027f1b5240ba"
  integrity sha1-Rh4hrZR48QMd1eJ2EI0CfxtSQLo=
  dependencies:
    "@babel/helper-plugin-utils" "^7.0.0"
    "@babel/plugin-syntax-jsx" "^7.2.0"

"@babel/plugin-transform-react-jsx-source@^7.0.0":
  version "7.5.0"
  resolved "https://registry.npm.taobao.org/@babel/plugin-transform-react-jsx-source/download/@babel/plugin-transform-react-jsx-source-7.5.0.tgz#583b10c49cf057e237085bcbd8cc960bd83bd96b"
  integrity sha1-WDsQxJzwV+I3CFvL2MyWC9g72Ws=
  dependencies:
    "@babel/helper-plugin-utils" "^7.0.0"
    "@babel/plugin-syntax-jsx" "^7.2.0"

"@babel/plugin-transform-react-jsx@^7.0.0":
  version "7.3.0"
  resolved "https://registry.npm.taobao.org/@babel/plugin-transform-react-jsx/download/@babel/plugin-transform-react-jsx-7.3.0.tgz#f2cab99026631c767e2745a5368b331cfe8f5290"
  integrity sha1-8sq5kCZjHHZ+J0WlNoszHP6PUpA=
  dependencies:
    "@babel/helper-builder-react-jsx" "^7.3.0"
    "@babel/helper-plugin-utils" "^7.0.0"
    "@babel/plugin-syntax-jsx" "^7.2.0"

"@babel/plugin-transform-typescript@^7.3.2":
  version "7.5.5"
  resolved "https://registry.npm.taobao.org/@babel/plugin-transform-typescript/download/@babel/plugin-transform-typescript-7.5.5.tgz#6d862766f09b2da1cb1f7d505fe2aedab6b7d4b8"
  integrity sha1-bYYnZvCbLaHLH31QX+Ku2ra31Lg=
  dependencies:
    "@babel/helper-create-class-features-plugin" "^7.5.5"
    "@babel/helper-plugin-utils" "^7.0.0"
    "@babel/plugin-syntax-typescript" "^7.2.0"

"@babel/preset-react@^7.0.0":
  version "7.0.0"
  resolved "https://registry.npm.taobao.org/@babel/preset-react/download/@babel/preset-react-7.0.0.tgz#e86b4b3d99433c7b3e9e91747e2653958bc6b3c0"
  integrity sha1-6GtLPZlDPHs+npF0fiZTlYvGs8A=
  dependencies:
    "@babel/helper-plugin-utils" "^7.0.0"
    "@babel/plugin-transform-react-display-name" "^7.0.0"
    "@babel/plugin-transform-react-jsx" "^7.0.0"
    "@babel/plugin-transform-react-jsx-self" "^7.0.0"
    "@babel/plugin-transform-react-jsx-source" "^7.0.0"

"@babel/preset-typescript@^7.3.3":
  version "7.3.3"
  resolved "https://registry.npm.taobao.org/@babel/preset-typescript/download/@babel/preset-typescript-7.3.3.tgz#88669911053fa16b2b276ea2ede2ca603b3f307a"
  integrity sha1-iGaZEQU/oWsrJ26i7eLKYDs/MHo=
  dependencies:
    "@babel/helper-plugin-utils" "^7.0.0"
    "@babel/plugin-transform-typescript" "^7.3.2"

"@babel/template@^7.1.0":
  version "7.4.4"
  resolved "https://registry.npm.taobao.org/@babel/template/download/@babel/template-7.4.4.tgz#f4b88d1225689a08f5bc3a17483545be9e4ed237"
  integrity sha1-9LiNEiVomgj1vDoXSDVFvp5O0jc=
  dependencies:
    "@babel/code-frame" "^7.0.0"
    "@babel/parser" "^7.4.4"
    "@babel/types" "^7.4.4"

"@babel/traverse@^7.5.5":
  version "7.5.5"
  resolved "https://registry.npm.taobao.org/@babel/traverse/download/@babel/traverse-7.5.5.tgz#f664f8f368ed32988cd648da9f72d5ca70f165bb"
  integrity sha1-9mT482jtMpiM1kjan3LVynDxZbs=
  dependencies:
    "@babel/code-frame" "^7.5.5"
    "@babel/generator" "^7.5.5"
    "@babel/helper-function-name" "^7.1.0"
    "@babel/helper-split-export-declaration" "^7.4.4"
    "@babel/parser" "^7.5.5"
    "@babel/types" "^7.5.5"
    debug "^4.1.0"
    globals "^11.1.0"
    lodash "^4.17.13"

"@babel/types@^7.0.0", "@babel/types@^7.3.0", "@babel/types@^7.4.4", "@babel/types@^7.5.5":
  version "7.5.5"
  resolved "https://registry.npm.taobao.org/@babel/types/download/@babel/types-7.5.5.tgz#97b9f728e182785909aa4ab56264f090a028d18a"
  integrity sha1-l7n3KOGCeFkJqkq1YmTwkKAo0Yo=
  dependencies:
    esutils "^2.0.2"
    lodash "^4.17.13"
    to-fast-properties "^2.0.0"

"@types/node@^12.7.2":
  version "12.7.2"
  resolved "https://registry.npm.taobao.org/@types/node/download/@types/node-12.7.2.tgz?cache=0&sync_timestamp=1566325318079&other_urls=https%3A%2F%2Fregistry.npm.taobao.org%2F%40types%2Fnode%2Fdownload%2F%40types%2Fnode-12.7.2.tgz#c4e63af5e8823ce9cc3f0b34f7b998c2171f0c44"
  integrity sha1-xOY69eiCPOnMPws097mYwhcfDEQ=

ansi-styles@^3.2.1:
  version "3.2.1"
  resolved "https://registry.npm.taobao.org/ansi-styles/download/ansi-styles-3.2.1.tgz?cache=0&other_urls=https%3A%2F%2Fregistry.npm.taobao.org%2Fansi-styles%2Fdownload%2Fansi-styles-3.2.1.tgz#41fbb20243e50b12be0f04b8dedbf07520ce841d"
  integrity sha1-QfuyAkPlCxK+DwS43tvwdSDOhB0=
  dependencies:
    color-convert "^1.9.0"

chalk@^2.0.0:
  version "2.4.2"
  resolved "https://registry.npm.taobao.org/chalk/download/chalk-2.4.2.tgz#cd42541677a54333cf541a49108c1432b44c9424"
  integrity sha1-zUJUFnelQzPPVBpJEIwUMrRMlCQ=
  dependencies:
    ansi-styles "^3.2.1"
    escape-string-regexp "^1.0.5"
    supports-color "^5.3.0"

color-convert@^1.9.0:
  version "1.9.3"
  resolved "https://registry.npm.taobao.org/color-convert/download/color-convert-1.9.3.tgz?cache=0&sync_timestamp=1566248870121&other_urls=https%3A%2F%2Fregistry.npm.taobao.org%2Fcolor-convert%2Fdownload%2Fcolor-convert-1.9.3.tgz#bb71850690e1f136567de629d2d5471deda4c1e8"
  integrity sha1-u3GFBpDh8TZWfeYp0tVHHe2kweg=
  dependencies:
    color-name "1.1.3"

color-name@1.1.3:
  version "1.1.3"
  resolved "https://registry.npm.taobao.org/color-name/download/color-name-1.1.3.tgz#a7d0558bd89c42f795dd42328f740831ca53bc25"
  integrity sha1-p9BVi9icQveV3UIyj3QIMcpTvCU=

confusing-browser-globals@^1.0.5:
  version "1.0.8"
  resolved "https://registry.npm.taobao.org/confusing-browser-globals/download/confusing-browser-globals-1.0.8.tgz#93ffec1f82a6e2bf2bc36769cc3a92fa20e502f3"
  integrity sha1-k//sH4Km4r8rw2dpzDqS+iDlAvM=

debug@^4.1.0:
  version "4.1.1"
  resolved "https://registry.npm.taobao.org/debug/download/debug-4.1.1.tgz#3b72260255109c6b589cee050f1d516139664791"
  integrity sha1-O3ImAlUQnGtYnO4FDx1RYTlmR5E=
  dependencies:
    ms "^2.1.1"

define-properties@^1.1.2, define-properties@^1.1.3:
  version "1.1.3"
  resolved "https://registry.npm.taobao.org/define-properties/download/define-properties-1.1.3.tgz#cf88da6cbee26fe6db7094f61d870cbd84cee9f1"
  integrity sha1-z4jabL7ib+bbcJT2HYcMvYTO6fE=
  dependencies:
    object-keys "^1.0.12"

es-abstract@^1.12.0:
  version "1.13.0"
  resolved "https://registry.npm.taobao.org/es-abstract/download/es-abstract-1.13.0.tgz#ac86145fdd5099d8dd49558ccba2eaf9b88e24e9"
  integrity sha1-rIYUX91QmdjdSVWMy6Lq+biOJOk=
  dependencies:
    es-to-primitive "^1.2.0"
    function-bind "^1.1.1"
    has "^1.0.3"
    is-callable "^1.1.4"
    is-regex "^1.0.4"
    object-keys "^1.0.12"

es-to-primitive@^1.2.0:
  version "1.2.0"
  resolved "https://registry.npm.taobao.org/es-to-primitive/download/es-to-primitive-1.2.0.tgz#edf72478033456e8dda8ef09e00ad9650707f377"
  integrity sha1-7fckeAM0VujdqO8J4ArZZQcH83c=
  dependencies:
    is-callable "^1.1.4"
    is-date-object "^1.0.1"
    is-symbol "^1.0.2"

escape-string-regexp@^1.0.5:
  version "1.0.5"
  resolved "https://registry.npm.taobao.org/escape-string-regexp/download/escape-string-regexp-1.0.5.tgz?cache=0&other_urls=https%3A%2F%2Fregistry.npm.taobao.org%2Fescape-string-regexp%2Fdownload%2Fescape-string-regexp-1.0.5.tgz#1b61c0562190a8dff6ae3bb2cf0200ca130b86d4"
  integrity sha1-G2HAViGQqN/2rjuyzwIAyhMLhtQ=

eslint-config-airbnb-base@^13.1.0:
  version "13.2.0"
  resolved "https://registry.npm.taobao.org/eslint-config-airbnb-base/download/eslint-config-airbnb-base-13.2.0.tgz#f6ea81459ff4dec2dda200c35f1d8f7419d57943"
  integrity sha1-9uqBRZ/03sLdogDDXx2PdBnVeUM=
  dependencies:
    confusing-browser-globals "^1.0.5"
    object.assign "^4.1.0"
    object.entries "^1.1.0"

esutils@^2.0.0, esutils@^2.0.2:
  version "2.0.3"
  resolved "https://registry.npm.taobao.org/esutils/download/esutils-2.0.3.tgz#74d2eb4de0b8da1293711910d50775b9b710ef64"
  integrity sha1-dNLrTeC42hKTcRkQ1Qd1ubcQ72Q=

function-bind@^1.1.1:
  version "1.1.1"
  resolved "https://registry.npm.taobao.org/function-bind/download/function-bind-1.1.1.tgz#a56899d3ea3c9bab874bb9773b7c5ede92f4895d"
  integrity sha1-pWiZ0+o8m6uHS7l3O3xe3pL0iV0=

globals@^11.1.0:
  version "11.12.0"
  resolved "https://registry.npm.taobao.org/globals/download/globals-11.12.0.tgz?cache=0&sync_timestamp=1563721993391&other_urls=https%3A%2F%2Fregistry.npm.taobao.org%2Fglobals%2Fdownload%2Fglobals-11.12.0.tgz#ab8795338868a0babd8525758018c2a7eb95c42e"
  integrity sha1-q4eVM4hooLq9hSV1gBjCp+uVxC4=

has-flag@^3.0.0:
  version "3.0.0"
  resolved "https://registry.npm.taobao.org/has-flag/download/has-flag-3.0.0.tgz#b5d454dc2199ae225699f3467e5a07f3b955bafd"
  integrity sha1-tdRU3CGZriJWmfNGfloH87lVuv0=

has-symbols@^1.0.0:
  version "1.0.0"
  resolved "https://registry.npm.taobao.org/has-symbols/download/has-symbols-1.0.0.tgz#ba1a8f1af2a0fc39650f5c850367704122063b44"
  integrity sha1-uhqPGvKg/DllD1yFA2dwQSIGO0Q=

has@^1.0.1, has@^1.0.3:
  version "1.0.3"
  resolved "https://registry.npm.taobao.org/has/download/has-1.0.3.tgz#722d7cbfc1f6aa8241f16dd814e011e1f41e8796"
  integrity sha1-ci18v8H2qoJB8W3YFOAR4fQeh5Y=
  dependencies:
    function-bind "^1.1.1"

is-callable@^1.1.4:
  version "1.1.4"
  resolved "https://registry.npm.taobao.org/is-callable/download/is-callable-1.1.4.tgz#1e1adf219e1eeb684d691f9d6a05ff0d30a24d75"
  integrity sha1-HhrfIZ4e62hNaR+dagX/DTCiTXU=

is-date-object@^1.0.1:
  version "1.0.1"
  resolved "https://registry.npm.taobao.org/is-date-object/download/is-date-object-1.0.1.tgz#9aa20eb6aeebbff77fbd33e74ca01b33581d3a16"
  integrity sha1-mqIOtq7rv/d/vTPnTKAbM1gdOhY=

is-regex@^1.0.4:
  version "1.0.4"
  resolved "https://registry.npm.taobao.org/is-regex/download/is-regex-1.0.4.tgz#5517489b547091b0930e095654ced25ee97e9491"
  integrity sha1-VRdIm1RwkbCTDglWVM7SXul+lJE=
  dependencies:
    has "^1.0.1"

is-symbol@^1.0.2:
  version "1.0.2"
  resolved "https://registry.npm.taobao.org/is-symbol/download/is-symbol-1.0.2.tgz#a055f6ae57192caee329e7a860118b497a950f38"
  integrity sha1-oFX2rlcZLK7jKeeoYBGLSXqVDzg=
  dependencies:
    has-symbols "^1.0.0"

js-tokens@^4.0.0:
  version "4.0.0"
  resolved "https://registry.npm.taobao.org/js-tokens/download/js-tokens-4.0.0.tgz#19203fb59991df98e3a287050d4647cdeaf32499"
  integrity sha1-GSA/tZmR35jjoocFDUZHzerzJJk=

jsesc@^2.5.1:
  version "2.5.2"
  resolved "https://registry.npm.taobao.org/jsesc/download/jsesc-2.5.2.tgz#80564d2e483dacf6e8ef209650a67df3f0c283a4"
  integrity sha1-gFZNLkg9rPbo7yCWUKZ98/DCg6Q=

lodash@^4.17.13:
  version "4.17.15"
  resolved "https://registry.npm.taobao.org/lodash/download/lodash-4.17.15.tgz?cache=0&other_urls=https%3A%2F%2Fregistry.npm.taobao.org%2Flodash%2Fdownload%2Flodash-4.17.15.tgz#b447f6670a0455bbfeedd11392eff330ea097548"
  integrity sha1-tEf2ZwoEVbv+7dETku/zMOoJdUg=

ms@^2.1.1:
  version "2.1.2"
  resolved "https://registry.npm.taobao.org/ms/download/ms-2.1.2.tgz?cache=0&other_urls=https%3A%2F%2Fregistry.npm.taobao.org%2Fms%2Fdownload%2Fms-2.1.2.tgz#d09d1f357b443f493382a8eb3ccd183872ae6009"
  integrity sha1-0J0fNXtEP0kzgqjrPM0YOHKuYAk=

object-keys@^1.0.11, object-keys@^1.0.12:
  version "1.1.1"
  resolved "https://registry.npm.taobao.org/object-keys/download/object-keys-1.1.1.tgz#1c47f272df277f3b1daf061677d9c82e2322c60e"
  integrity sha1-HEfyct8nfzsdrwYWd9nILiMixg4=

object.assign@^4.1.0:
  version "4.1.0"
  resolved "https://registry.npm.taobao.org/object.assign/download/object.assign-4.1.0.tgz#968bf1100d7956bb3ca086f006f846b3bc4008da"
  integrity sha1-lovxEA15Vrs8oIbwBvhGs7xACNo=
  dependencies:
    define-properties "^1.1.2"
    function-bind "^1.1.1"
    has-symbols "^1.0.0"
    object-keys "^1.0.11"

object.entries@^1.1.0:
  version "1.1.0"
  resolved "https://registry.npm.taobao.org/object.entries/download/object.entries-1.1.0.tgz#2024fc6d6ba246aee38bdb0ffd5cfbcf371b7519"
  integrity sha1-ICT8bWuiRq7ji9sP/Vz7zzcbdRk=
  dependencies:
    define-properties "^1.1.3"
    es-abstract "^1.12.0"
    function-bind "^1.1.1"
    has "^1.0.3"

source-map@^0.5.0:
  version "0.5.7"
  resolved "https://registry.npm.taobao.org/source-map/download/source-map-0.5.7.tgz#8a039d2d1021d22d1ea14c80d8ea468ba2ef3fcc"
  integrity sha1-igOdLRAh0i0eoUyA2OpGi6LvP8w=

supports-color@^5.3.0:
  version "5.5.0"
  resolved "https://registry.npm.taobao.org/supports-color/download/supports-color-5.5.0.tgz#e2e69a44ac8772f78a1ec0b35b689df6530efc8f"
  integrity sha1-4uaaRKyHcveKHsCzW2id9lMO/I8=
  dependencies:
    has-flag "^3.0.0"

to-fast-properties@^2.0.0:
  version "2.0.0"
  resolved "https://registry.npm.taobao.org/to-fast-properties/download/to-fast-properties-2.0.0.tgz#dc5e698cbd079265bc73e0377681a4e4e83f616e"
  integrity sha1-3F5pjL0HkmW8c+A3doGk5Og/YW4=

trim-right@^1.0.1:
  version "1.0.1"
  resolved "https://registry.npm.taobao.org/trim-right/download/trim-right-1.0.1.tgz#cb2e1203067e0c8de1f614094b9fe45704ea6003"
  integrity sha1-yy4SAwZ+DI3h9hQJS5/kVwTqYAM=
